PODS:
  - BTNavigationDropdownMenu (0.4.4)
  - Down (0.6.0)
  - FeedKit (8.0.0)
  - Files (2.0.1)
  - Localize-Swift (2.0.0)
  - Nimble (8.0.1)
  - Quick (2.0.0)
  - SQLCipher (4.2.0):
    - SQLCipher/standard (= 4.2.0)
  - SQLCipher/common (4.2.0)
  - SQLCipher/standard (4.2.0):
    - SQLCipher/common
  - SQLite.swift/SQLCipher (0.12.2):
    - SQLCipher (>= 3.4.0)
  - SwiftLint (0.30.1)
  - Toast-Swift (4.0.0)
  - Yams (1.0.1)
  - Zip (1.1.0)

DEPENDENCIES:
  - BTNavigationDropdownMenu (from `https://github.com/lucascorrea/BTNavigationDropdownMenu.git`)
  - Down
  - FeedKit (~> 8.0)
  - Files (from `https://github.com/clayellis/Files.git`)
  - Localize-Swift (~> 2.0)
  - Nimble
  - Quick
  - SQLite.swift/SQLCipher
  - SwiftLint
  - Toast-Swift (~> 4.0.0)
  - Yams
  - Zip (~> 1.1)

SPEC REPOS:
  https://github.com/cocoapods/specs.git:
    - Down
    - FeedKit
    - Localize-Swift
    - Nimble
    - Quick
    - SQLCipher
    - SQLite.swift
    - SwiftLint
    - Toast-Swift
    - Yams
    - Zip

EXTERNAL SOURCES:
  BTNavigationDropdownMenu:
    :git: https://github.com/lucascorrea/BTNavigationDropdownMenu.git
  Files:
    :git: https://github.com/clayellis/Files.git

CHECKOUT OPTIONS:
  BTNavigationDropdownMenu:
    :commit: cdaa0fe6f3f5f28114c1658ac080e207756fa938
    :git: https://github.com/lucascorrea/BTNavigationDropdownMenu.git
  Files:
    :commit: 06f95bd1bf4f8d5f50bc6bb30b808c253acd4c88
    :git: https://github.com/clayellis/Files.git

SPEC CHECKSUMS:
  BTNavigationDropdownMenu: 4c0b75f83317d300156ffcc8434bf411b05f5cd2
  Down: f594e719ff2c2d974c42a122fa219813f5fc3c06
  FeedKit: 4a78f07adf7f0a224b904014678f1de82a7ffc21
  Files: dd0aa68aa068e87c60ec844b13e0a95179e2fb62
  Localize-Swift: c798ec9286494866f7068f85f7c71283ac5bdab4
  Nimble: 45f786ae66faa9a709624227fae502db55a8bdd0
  Quick: ce1276c7c27ba2da3cb2fd0cde053c3648b3b22d
  SQLCipher: 0187a2180ac288ea686b670b7141da62cd013b16
  SQLite.swift: d2b4642190917051ce6bd1d49aab565fe794eea3
  SwiftLint: a54bf1fe12b55c68560eb2a7689dfc81458508f7
  Toast-Swift: 594b5c5e5129f15438e410207e43287f027b3c00
  Yams: 572f625a8b719b73e0b57fd313c680f3e2161fe9
  Zip: 8877eede3dda76bcac281225c20e71c25270774c

PODFILE CHECKSUM: 0db3ac910714fd513bcd9f92139e8d4c8e0639f7

COCOAPODS: 1.7.0
