PODS:
  - BTNavigationDropdownMenu (0.4.4)
  - Crashlytics (3.11.0):
    - Fabric (~> 1.8.0)
  - Down (0.6.0)
  - Fabric (1.8.0)
  - FeedKit (8.0.0)
  - Files (2.0.1)
  - Localize-Swift (2.0.0)
  - MarkdownView (1.5.0)
  - Nimble (7.3.1)
  - Quick (1.3.2)
  - SQLCipher (3.4.2):
    - SQLCipher/standard (= 3.4.2)
  - SQLCipher/common (3.4.2)
  - SQLCipher/standard (3.4.2):
    - SQLCipher/common
  - SQLite.swift/SQLCipher (0.11.5):
    - SQLCipher (>= 3.4.0)
  - SwiftLint (0.27.0)
  - Toast-Swift (4.0.0)
  - Yams (1.0.1)

DEPENDENCIES:
  - BTNavigationDropdownMenu (from `https://github.com/lucascorrea/BTNavigationDropdownMenu.git`)
  - Crashlytics
  - Down
  - Fabric
  - FeedKit (~> 8.0)
  - Files (from `https://github.com/clayellis/Files.git`)
  - Localize-Swift (~> 2.0)
  - MarkdownView (from `https://github.com/lucascorrea/MarkdownView.git`)
  - Nimble
  - Quick
  - SQLite.swift/SQLCipher (from `https://github.com/stephencelis/SQLite.swift.git`)
  - SwiftLint
  - Toast-Swift (~> 4.0.0)
  - Yams

SPEC REPOS:
  https://github.com/cocoapods/specs.git:
    - Crashlytics
    - Down
    - Fabric
    - FeedKit
    - Localize-Swift
    - Nimble
    - Quick
    - SQLCipher
    - SwiftLint
    - Toast-Swift
    - Yams

EXTERNAL SOURCES:
  BTNavigationDropdownMenu:
    :git: https://github.com/lucascorrea/BTNavigationDropdownMenu.git
  Files:
    :git: https://github.com/clayellis/Files.git
  MarkdownView:
    :git: https://github.com/lucascorrea/MarkdownView.git
  SQLite.swift:
    :git: https://github.com/stephencelis/SQLite.swift.git

CHECKOUT OPTIONS:
  BTNavigationDropdownMenu:
    :commit: cdaa0fe6f3f5f28114c1658ac080e207756fa938
    :git: https://github.com/lucascorrea/BTNavigationDropdownMenu.git
  Files:
    :commit: 06f95bd1bf4f8d5f50bc6bb30b808c253acd4c88
    :git: https://github.com/clayellis/Files.git
  MarkdownView:
    :commit: 10179d89e8e9336ce56ee1a929dce11ce8307033
    :git: https://github.com/lucascorrea/MarkdownView.git
  SQLite.swift:
    :commit: d13baed8d0041caa2d7617e4e1f3d50922a0a225
    :git: https://github.com/stephencelis/SQLite.swift.git

SPEC CHECKSUMS:
  BTNavigationDropdownMenu: 4c0b75f83317d300156ffcc8434bf411b05f5cd2
  Crashlytics: 1448070c1d2731ab71ea7c3faf84ac0f69657287
  Down: f594e719ff2c2d974c42a122fa219813f5fc3c06
  Fabric: 4ac1cdfef3004ccd83ce0959b91eda8a6e37df72
  FeedKit: 4a78f07adf7f0a224b904014678f1de82a7ffc21
  Files: dd0aa68aa068e87c60ec844b13e0a95179e2fb62
  Localize-Swift: c798ec9286494866f7068f85f7c71283ac5bdab4
  MarkdownView: 5bbee438c823db1cd189002d44c84fa909b3a896
  Nimble: 04f732da099ea4d153122aec8c2a88fd0c7219ae
  Quick: 2623cb30d7a7f41ca62f684f679586558f483d46
  SQLCipher: f9fcf29b2e59ced7defc2a2bdd0ebe79b40d4990
  SQLite.swift: 6e5356850bb1791459f8c16d6ee9195b28714a2e
  SwiftLint: 3207c1faa2240bf8973b191820a116113cd11073
  Toast-Swift: 594b5c5e5129f15438e410207e43287f027b3c00
  Yams: 572f625a8b719b73e0b57fd313c680f3e2161fe9

PODFILE CHECKSUM: 3f7dec3b6c089723674face9211b20da34bce8cd

COCOAPODS: 1.5.3
