PODS:
  - BTNavigationDropdownMenu (0.4.4)
  - Crashlytics (3.10.9):
    - Fabric (~> 1.7.13)
  - Fabric (1.7.13)
  - FeedKit (8.0.0)
  - Files (2.0.1)
  - Localize-Swift (2.0.0)
  - MarkdownView (1.2.0)
  - Nimble (7.3.1)
  - Quick (1.3.2)
  - SQLCipher (3.4.2):
    - SQLCipher/standard (= 3.4.2)
  - SQLCipher/common (3.4.2)
  - SQLCipher/standard (3.4.2):
    - SQLCipher/common
  - SQLite.swift/SQLCipher (0.11.5):
    - SQLCipher (>= 3.4.0)
  - SwiftLint (0.27.0)
  - Yams (1.0.1)

DEPENDENCIES:
  - BTNavigationDropdownMenu (from `https://github.com/lucascorrea/BTNavigationDropdownMenu.git`)
  - Crashlytics
  - Fabric
  - FeedKit (~> 8.0)
  - Files (from `https://github.com/clayellis/Files.git`)
  - Localize-Swift (~> 2.0)
  - MarkdownView
  - Nimble
  - Quick
  - SQLite.swift/SQLCipher (from `https://github.com/stephencelis/SQLite.swift.git`)
  - SwiftLint
  - Yams

SPEC REPOS:
  https://github.com/cocoapods/specs.git:
    - Crashlytics
    - Fabric
    - FeedKit
    - Localize-Swift
    - MarkdownView
    - Nimble
    - Quick
    - SQLCipher
    - SwiftLint
    - Yams

EXTERNAL SOURCES:
  BTNavigationDropdownMenu:
    :git: https://github.com/lucascorrea/BTNavigationDropdownMenu.git
  Files:
    :git: https://github.com/clayellis/Files.git
  SQLite.swift:
    :git: https://github.com/stephencelis/SQLite.swift.git

CHECKOUT OPTIONS:
  BTNavigationDropdownMenu:
    :commit: a00f15db1cdd6e982c039083c785c7e55057db05
    :git: https://github.com/lucascorrea/BTNavigationDropdownMenu.git
  Files:
    :commit: 06f95bd1bf4f8d5f50bc6bb30b808c253acd4c88
    :git: https://github.com/clayellis/Files.git
  SQLite.swift:
    :commit: d13baed8d0041caa2d7617e4e1f3d50922a0a225
    :git: https://github.com/stephencelis/SQLite.swift.git

SPEC CHECKSUMS:
  BTNavigationDropdownMenu: 4c0b75f83317d300156ffcc8434bf411b05f5cd2
  Crashlytics: 55e24fc23989680285a21cb1146578d9d18e432c
  Fabric: 25d0963b691fc97be566392243ff0ecef5a68338
  FeedKit: 4a78f07adf7f0a224b904014678f1de82a7ffc21
  Files: dd0aa68aa068e87c60ec844b13e0a95179e2fb62
  Localize-Swift: c798ec9286494866f7068f85f7c71283ac5bdab4
  MarkdownView: d72e5cca8172402a579d9ba082968af36c2faf56
  Nimble: 04f732da099ea4d153122aec8c2a88fd0c7219ae
  Quick: 2623cb30d7a7f41ca62f684f679586558f483d46
  SQLCipher: f9fcf29b2e59ced7defc2a2bdd0ebe79b40d4990
  SQLite.swift: 6e5356850bb1791459f8c16d6ee9195b28714a2e
  SwiftLint: 3207c1faa2240bf8973b191820a116113cd11073
  Yams: 572f625a8b719b73e0b57fd313c680f3e2161fe9

PODFILE CHECKSUM: d457820fa2718a2e334cd002bff0ab6a7a1e32ea

COCOAPODS: 1.6.0.beta.1
