// !$*UTF8*$!
{
	archiveVersion = 1;
	classes = {
	};
	objectVersion = 50;
	objects = {

/* Begin PBXBuildFile section */
		3BB472962D5E529D96075E59 /* Pods_Umbrella.framework in Frameworks */ = {isa = PBXBuildFile; fileRef = 98E22A2D801A595634B54EAE /* Pods_Umbrella.framework */; };
		90309D2A4532B7A930C5A0B5 /* Pods_UmbrellaUITests.framework in Frameworks */ = {isa = PBXBuildFile; fileRef = B8E7691B86B48D0956C3E803 /* Pods_UmbrellaUITests.framework */; };
		A064CE9320AC47E800CE99E1 /* SQLManager.swift in Sources */ = {isa = PBXBuildFile; fileRef = A064CE9220AC47E800CE99E1 /* SQLManager.swift */; };
		A064CE9620AC497D00CE99E1 /* database.db in Resources */ = {isa = PBXBuildFile; fileRef = A064CE9520AC497D00CE99E1 /* database.db */; };
		A064CE9820AC883900CE99E1 /* Category.swift in Sources */ = {isa = PBXBuildFile; fileRef = A064CE9720AC883900CE99E1 /* Category.swift */; };
		A0659CD220C0353D0060F812 /* UmbrellaParser.swift in Sources */ = {isa = PBXBuildFile; fileRef = A0659CD120C0353D0060F812 /* UmbrellaParser.swift */; };
		A075248820C824B300E91A4A /* Segment.swift in Sources */ = {isa = PBXBuildFile; fileRef = A075248720C824B300E91A4A /* Segment.swift */; };
		A075248A20C824E200E91A4A /* CheckList.swift in Sources */ = {isa = PBXBuildFile; fileRef = A075248920C824E200E91A4A /* CheckList.swift */; };
		A075248C20C8290300E91A4A /* Language.swift in Sources */ = {isa = PBXBuildFile; fileRef = A075248B20C8290300E91A4A /* Language.swift */; };
		A0B9787120ADA12B00A287C8 /* TableProtocol.swift in Sources */ = {isa = PBXBuildFile; fileRef = A0B9787020ADA12B00A287C8 /* TableProtocol.swift */; };
		A0B9787520ADC7AE00A287C8 /* CategoryDao.swift in Sources */ = {isa = PBXBuildFile; fileRef = A0B9787420ADC7AE00A287C8 /* CategoryDao.swift */; };
		A0B9787720ADC7D100A287C8 /* DaoProtocol.swift in Sources */ = {isa = PBXBuildFile; fileRef = A0B9787620ADC7D100A287C8 /* DaoProtocol.swift */; };
		A0B9D42B20AAE03600B2B796 /* Main.storyboard in Resources */ = {isa = PBXBuildFile; fileRef = A0B9D42920AAE03600B2B796 /* Main.storyboard */; };
		A0B9D42D20AAE03900B2B796 /* Assets.xcassets in Resources */ = {isa = PBXBuildFile; fileRef = A0B9D42C20AAE03900B2B796 /* Assets.xcassets */; };
		A0B9D43020AAE03900B2B796 /* LaunchScreen.storyboard in Resources */ = {isa = PBXBuildFile; fileRef = A0B9D42E20AAE03900B2B796 /* LaunchScreen.storyboard */; };
		A0B9D43B20AAE03900B2B796 /* UmbrellaTests.swift in Sources */ = {isa = PBXBuildFile; fileRef = A0B9D43A20AAE03900B2B796 /* UmbrellaTests.swift */; };
		A0B9D44620AAE03900B2B796 /* UmbrellaUITests.swift in Sources */ = {isa = PBXBuildFile; fileRef = A0B9D44520AAE03900B2B796 /* UmbrellaUITests.swift */; };
		A0B9D46020AAE1CF00B2B796 /* HomeViewController.swift in Sources */ = {isa = PBXBuildFile; fileRef = A0B9D45620AAE1CE00B2B796 /* HomeViewController.swift */; };
		A0B9D46120AAE1CF00B2B796 /* AppDelegate.swift in Sources */ = {isa = PBXBuildFile; fileRef = A0B9D45F20AAE1CF00B2B796 /* AppDelegate.swift */; };
		A0C6CE9720B1E66B005BC111 /* Result.framework in Embed Frameworks */ = {isa = PBXBuildFile; fileRef = A0C6CE9320B1E5D6005BC111 /* Result.framework */; settings = {ATTRIBUTES = (CodeSignOnCopy, RemoveHeadersOnCopy, ); }; };
		A0C6CE9920B1E66B005BC111 /* SwiftGit2.framework in Embed Frameworks */ = {isa = PBXBuildFile; fileRef = A0C6CE9220B1E5D6005BC111 /* SwiftGit2.framework */; settings = {ATTRIBUTES = (CodeSignOnCopy, RemoveHeadersOnCopy, ); }; };
		A0C6CE9C20B1EBB8005BC111 /* Global.swift in Sources */ = {isa = PBXBuildFile; fileRef = A0C6CE9B20B1EBB8005BC111 /* Global.swift */; };
		A0C6CE9E20B5AB3B005BC111 /* GitManager.swift in Sources */ = {isa = PBXBuildFile; fileRef = A0C6CE9D20B5AB3A005BC111 /* GitManager.swift */; };
		A0C6CEA020B5ABB6005BC111 /* Constants.swift in Sources */ = {isa = PBXBuildFile; fileRef = A0C6CE9F20B5ABB6005BC111 /* Constants.swift */; };
		A0C6CEA620B6D14C005BC111 /* CategoryParser.swift in Sources */ = {isa = PBXBuildFile; fileRef = A0C6CEA520B6D14C005BC111 /* CategoryParser.swift */; };
		A0C6CEAA20B70CC0005BC111 /* HomeViewModel.swift in Sources */ = {isa = PBXBuildFile; fileRef = A0C6CEA920B70CC0005BC111 /* HomeViewModel.swift */; };
		A0C6CEAE20B70F1E005BC111 /* SegmentParser.swift in Sources */ = {isa = PBXBuildFile; fileRef = A0C6CEAD20B70F1E005BC111 /* SegmentParser.swift */; };
		A0D170BF20CE93C000758A8D /* FolderProtocol.swift in Sources */ = {isa = PBXBuildFile; fileRef = A0D170BE20CE93C000758A8D /* FolderProtocol.swift */; };
		A0D170C120CE976700758A8D /* Array+Ext.swift in Sources */ = {isa = PBXBuildFile; fileRef = A0D170C020CE976700758A8D /* Array+Ext.swift */; };
		A0D170C320CE97F200758A8D /* File+Ext.swift in Sources */ = {isa = PBXBuildFile; fileRef = A0D170C220CE97F200758A8D /* File+Ext.swift */; };
		A0FFE4F220CEA7BB0026C0C7 /* CheckListParser.swift in Sources */ = {isa = PBXBuildFile; fileRef = A0FFE4F120CEA7BB0026C0C7 /* CheckListParser.swift */; };
		A0FFE4F420CEA7C50026C0C7 /* FormParser.swift in Sources */ = {isa = PBXBuildFile; fileRef = A0FFE4F320CEA7C50026C0C7 /* FormParser.swift */; };
		A0FFE4F620CEAD700026C0C7 /* String+Ext.swift in Sources */ = {isa = PBXBuildFile; fileRef = A0FFE4F520CEAD700026C0C7 /* String+Ext.swift */; };
		A0FFE4F820CED3A20026C0C7 /* Form.swift in Sources */ = {isa = PBXBuildFile; fileRef = A0FFE4F720CED3A20026C0C7 /* Form.swift */; };
		A0FFE4FD20CEEA7E0026C0C7 /* Screen.swift in Sources */ = {isa = PBXBuildFile; fileRef = A0FFE4FC20CEEA7E0026C0C7 /* Screen.swift */; };
		A0FFE4FF20CEEAB70026C0C7 /* ItemForm.swift in Sources */ = {isa = PBXBuildFile; fileRef = A0FFE4FE20CEEAB70026C0C7 /* ItemForm.swift */; };
		A0FFE50120CEEADD0026C0C7 /* OptionItem.swift in Sources */ = {isa = PBXBuildFile; fileRef = A0FFE50020CEEADD0026C0C7 /* OptionItem.swift */; };
		A0FFE50420CEEB1B0026C0C7 /* CheckItem.swift in Sources */ = {isa = PBXBuildFile; fileRef = A0FFE50320CEEB1B0026C0C7 /* CheckItem.swift */; };
		F1FDE5C3E9651E71B4BE0210 /* Pods_UmbrellaTests.framework in Frameworks */ = {isa = PBXBuildFile; fileRef = F8A451277F7D2051F95F3ED5 /* Pods_UmbrellaTests.framework */; };
/* End PBXBuildFile section */

/* Begin PBXContainerItemProxy section */
		A0B9D43720AAE03900B2B796 /* PBXContainerItemProxy */ = {
			isa = PBXContainerItemProxy;
			containerPortal = A0B9D41A20AAE03600B2B796 /* Project object */;
			proxyType = 1;
			remoteGlobalIDString = A0B9D42120AAE03600B2B796;
			remoteInfo = Umbrella;
		};
		A0B9D44220AAE03900B2B796 /* PBXContainerItemProxy */ = {
			isa = PBXContainerItemProxy;
			containerPortal = A0B9D41A20AAE03600B2B796 /* Project object */;
			proxyType = 1;
			remoteGlobalIDString = A0B9D42120AAE03600B2B796;
			remoteInfo = Umbrella;
		};
/* End PBXContainerItemProxy section */

/* Begin PBXCopyFilesBuildPhase section */
		A0C6CE9A20B1E66B005BC111 /* Embed Frameworks */ = {
			isa = PBXCopyFilesBuildPhase;
			buildActionMask = 2147483647;
			dstPath = "";
			dstSubfolderSpec = 10;
			files = (
				A0C6CE9920B1E66B005BC111 /* SwiftGit2.framework in Embed Frameworks */,
				A0C6CE9720B1E66B005BC111 /* Result.framework in Embed Frameworks */,
			);
			name = "Embed Frameworks";
			runOnlyForDeploymentPostprocessing = 0;
		};
/* End PBXCopyFilesBuildPhase section */

/* Begin PBXFileReference section */
		0295A615E60C71FE1399AFF0 /* Pods-Umbrella.appstore.xcconfig */ = {isa = PBXFileReference; includeInIndex = 1; lastKnownFileType = text.xcconfig; name = "Pods-Umbrella.appstore.xcconfig"; path = "Pods/Target Support Files/Pods-Umbrella/Pods-Umbrella.appstore.xcconfig"; sourceTree = "<group>"; };
		04D925499B8AEB466D8718D6 /* Pods-UmbrellaUITests.adhoc.xcconfig */ = {isa = PBXFileReference; includeInIndex = 1; lastKnownFileType = text.xcconfig; name = "Pods-UmbrellaUITests.adhoc.xcconfig"; path = "Pods/Target Support Files/Pods-UmbrellaUITests/Pods-UmbrellaUITests.adhoc.xcconfig"; sourceTree = "<group>"; };
		0DFB77FD1C93E25EB830AD63 /* Pods-UmbrellaTests.debug.xcconfig */ = {isa = PBXFileReference; includeInIndex = 1; lastKnownFileType = text.xcconfig; name = "Pods-UmbrellaTests.debug.xcconfig"; path = "Pods/Target Support Files/Pods-UmbrellaTests/Pods-UmbrellaTests.debug.xcconfig"; sourceTree = "<group>"; };
		24297CB845AEF494BD4A0415 /* Pods-UmbrellaTests.release.xcconfig */ = {isa = PBXFileReference; includeInIndex = 1; lastKnownFileType = text.xcconfig; name = "Pods-UmbrellaTests.release.xcconfig"; path = "Pods/Target Support Files/Pods-UmbrellaTests/Pods-UmbrellaTests.release.xcconfig"; sourceTree = "<group>"; };
		36EF15B7B1FD29338A95E3CE /* Pods-UmbrellaTests.adhoc.xcconfig */ = {isa = PBXFileReference; includeInIndex = 1; lastKnownFileType = text.xcconfig; name = "Pods-UmbrellaTests.adhoc.xcconfig"; path = "Pods/Target Support Files/Pods-UmbrellaTests/Pods-UmbrellaTests.adhoc.xcconfig"; sourceTree = "<group>"; };
		4E0DEE1B3526F08322F4A48E /* Pods-UmbrellaUITests.debug.xcconfig */ = {isa = PBXFileReference; includeInIndex = 1; lastKnownFileType = text.xcconfig; name = "Pods-UmbrellaUITests.debug.xcconfig"; path = "Pods/Target Support Files/Pods-UmbrellaUITests/Pods-UmbrellaUITests.debug.xcconfig"; sourceTree = "<group>"; };
		5AF087A949C8033824447827 /* Pods-UmbrellaUITests.appstore.xcconfig */ = {isa = PBXFileReference; includeInIndex = 1; lastKnownFileType = text.xcconfig; name = "Pods-UmbrellaUITests.appstore.xcconfig"; path = "Pods/Target Support Files/Pods-UmbrellaUITests/Pods-UmbrellaUITests.appstore.xcconfig"; sourceTree = "<group>"; };
		5BA1038E1B50B8AC755878C7 /* Pods-Umbrella.adhoc.xcconfig */ = {isa = PBXFileReference; includeInIndex = 1; lastKnownFileType = text.xcconfig; name = "Pods-Umbrella.adhoc.xcconfig"; path = "Pods/Target Support Files/Pods-Umbrella/Pods-Umbrella.adhoc.xcconfig"; sourceTree = "<group>"; };
		6A1EFF726C4C7E44324B782A /* Pods-Umbrella.release.xcconfig */ = {isa = PBXFileReference; includeInIndex = 1; lastKnownFileType = text.xcconfig; name = "Pods-Umbrella.release.xcconfig"; path = "Pods/Target Support Files/Pods-Umbrella/Pods-Umbrella.release.xcconfig"; sourceTree = "<group>"; };
		9386F5AC361BF2292BED1D62 /* Pods-Umbrella.debug.xcconfig */ = {isa = PBXFileReference; includeInIndex = 1; lastKnownFileType = text.xcconfig; name = "Pods-Umbrella.debug.xcconfig"; path = "Pods/Target Support Files/Pods-Umbrella/Pods-Umbrella.debug.xcconfig"; sourceTree = "<group>"; };
		98E22A2D801A595634B54EAE /* Pods_Umbrella.framework */ = {isa = PBXFileReference; explicitFileType = wrapper.framework; includeInIndex = 0; path = Pods_Umbrella.framework; sourceTree = BUILT_PRODUCTS_DIR; };
		A064CE9220AC47E800CE99E1 /* SQLManager.swift */ = {isa = PBXFileReference; lastKnownFileType = sourcecode.swift; path = SQLManager.swift; sourceTree = "<group>"; };
		A064CE9520AC497D00CE99E1 /* database.db */ = {isa = PBXFileReference; lastKnownFileType = file; path = database.db; sourceTree = "<group>"; };
		A064CE9720AC883900CE99E1 /* Category.swift */ = {isa = PBXFileReference; lastKnownFileType = sourcecode.swift; path = Category.swift; sourceTree = "<group>"; };
		A0659CD120C0353D0060F812 /* UmbrellaParser.swift */ = {isa = PBXFileReference; lastKnownFileType = sourcecode.swift; path = UmbrellaParser.swift; sourceTree = "<group>"; };
		A075248720C824B300E91A4A /* Segment.swift */ = {isa = PBXFileReference; lastKnownFileType = sourcecode.swift; path = Segment.swift; sourceTree = "<group>"; };
		A075248920C824E200E91A4A /* CheckList.swift */ = {isa = PBXFileReference; fileEncoding = 4; lastKnownFileType = sourcecode.swift; path = CheckList.swift; sourceTree = "<group>"; };
		A075248B20C8290300E91A4A /* Language.swift */ = {isa = PBXFileReference; lastKnownFileType = sourcecode.swift; path = Language.swift; sourceTree = "<group>"; };
		A0B9787020ADA12B00A287C8 /* TableProtocol.swift */ = {isa = PBXFileReference; lastKnownFileType = sourcecode.swift; path = TableProtocol.swift; sourceTree = "<group>"; };
		A0B9787420ADC7AE00A287C8 /* CategoryDao.swift */ = {isa = PBXFileReference; lastKnownFileType = sourcecode.swift; path = CategoryDao.swift; sourceTree = "<group>"; };
		A0B9787620ADC7D100A287C8 /* DaoProtocol.swift */ = {isa = PBXFileReference; lastKnownFileType = sourcecode.swift; path = DaoProtocol.swift; sourceTree = "<group>"; };
		A0B9D42220AAE03600B2B796 /* Umbrella.app */ = {isa = PBXFileReference; explicitFileType = wrapper.application; includeInIndex = 0; path = Umbrella.app; sourceTree = BUILT_PRODUCTS_DIR; };
		A0B9D42A20AAE03600B2B796 /* Base */ = {isa = PBXFileReference; lastKnownFileType = file.storyboard; name = Base; path = Base.lproj/Main.storyboard; sourceTree = "<group>"; };
		A0B9D42C20AAE03900B2B796 /* Assets.xcassets */ = {isa = PBXFileReference; lastKnownFileType = folder.assetcatalog; path = Assets.xcassets; sourceTree = "<group>"; };
		A0B9D42F20AAE03900B2B796 /* Base */ = {isa = PBXFileReference; lastKnownFileType = file.storyboard; name = Base; path = Base.lproj/LaunchScreen.storyboard; sourceTree = "<group>"; };
		A0B9D43120AAE03900B2B796 /* Info.plist */ = {isa = PBXFileReference; lastKnownFileType = text.plist.xml; path = Info.plist; sourceTree = "<group>"; };
		A0B9D43620AAE03900B2B796 /* UmbrellaTests.xctest */ = {isa = PBXFileReference; explicitFileType = wrapper.cfbundle; includeInIndex = 0; path = UmbrellaTests.xctest; sourceTree = BUILT_PRODUCTS_DIR; };
		A0B9D43A20AAE03900B2B796 /* UmbrellaTests.swift */ = {isa = PBXFileReference; lastKnownFileType = sourcecode.swift; path = UmbrellaTests.swift; sourceTree = "<group>"; };
		A0B9D43C20AAE03900B2B796 /* Info.plist */ = {isa = PBXFileReference; lastKnownFileType = text.plist.xml; path = Info.plist; sourceTree = "<group>"; };
		A0B9D44120AAE03900B2B796 /* UmbrellaUITests.xctest */ = {isa = PBXFileReference; explicitFileType = wrapper.cfbundle; includeInIndex = 0; path = UmbrellaUITests.xctest; sourceTree = BUILT_PRODUCTS_DIR; };
		A0B9D44520AAE03900B2B796 /* UmbrellaUITests.swift */ = {isa = PBXFileReference; lastKnownFileType = sourcecode.swift; path = UmbrellaUITests.swift; sourceTree = "<group>"; };
		A0B9D44720AAE03900B2B796 /* Info.plist */ = {isa = PBXFileReference; lastKnownFileType = text.plist.xml; path = Info.plist; sourceTree = "<group>"; };
		A0B9D45620AAE1CE00B2B796 /* HomeViewController.swift */ = {isa = PBXFileReference; fileEncoding = 4; lastKnownFileType = sourcecode.swift; path = HomeViewController.swift; sourceTree = "<group>"; };
		A0B9D45F20AAE1CF00B2B796 /* AppDelegate.swift */ = {isa = PBXFileReference; fileEncoding = 4; lastKnownFileType = sourcecode.swift; path = AppDelegate.swift; sourceTree = "<group>"; };
		A0C6CE9220B1E5D6005BC111 /* SwiftGit2.framework */ = {isa = PBXFileReference; lastKnownFileType = wrapper.framework; path = SwiftGit2.framework; sourceTree = "<group>"; };
		A0C6CE9320B1E5D6005BC111 /* Result.framework */ = {isa = PBXFileReference; lastKnownFileType = wrapper.framework; path = Result.framework; sourceTree = "<group>"; };
		A0C6CE9B20B1EBB8005BC111 /* Global.swift */ = {isa = PBXFileReference; lastKnownFileType = sourcecode.swift; path = Global.swift; sourceTree = "<group>"; };
		A0C6CE9D20B5AB3A005BC111 /* GitManager.swift */ = {isa = PBXFileReference; lastKnownFileType = sourcecode.swift; path = GitManager.swift; sourceTree = "<group>"; };
		A0C6CE9F20B5ABB6005BC111 /* Constants.swift */ = {isa = PBXFileReference; lastKnownFileType = sourcecode.swift; path = Constants.swift; sourceTree = "<group>"; };
		A0C6CEA520B6D14C005BC111 /* CategoryParser.swift */ = {isa = PBXFileReference; lastKnownFileType = sourcecode.swift; path = CategoryParser.swift; sourceTree = "<group>"; };
		A0C6CEA920B70CC0005BC111 /* HomeViewModel.swift */ = {isa = PBXFileReference; lastKnownFileType = sourcecode.swift; path = HomeViewModel.swift; sourceTree = "<group>"; };
		A0C6CEAD20B70F1E005BC111 /* SegmentParser.swift */ = {isa = PBXFileReference; lastKnownFileType = sourcecode.swift; path = SegmentParser.swift; sourceTree = "<group>"; };
		A0D170BE20CE93C000758A8D /* FolderProtocol.swift */ = {isa = PBXFileReference; lastKnownFileType = sourcecode.swift; path = FolderProtocol.swift; sourceTree = "<group>"; };
		A0D170C020CE976700758A8D /* Array+Ext.swift */ = {isa = PBXFileReference; lastKnownFileType = sourcecode.swift; path = "Array+Ext.swift"; sourceTree = "<group>"; };
		A0D170C220CE97F200758A8D /* File+Ext.swift */ = {isa = PBXFileReference; lastKnownFileType = sourcecode.swift; path = "File+Ext.swift"; sourceTree = "<group>"; };
		A0FFE4F120CEA7BB0026C0C7 /* CheckListParser.swift */ = {isa = PBXFileReference; lastKnownFileType = sourcecode.swift; path = CheckListParser.swift; sourceTree = "<group>"; };
		A0FFE4F320CEA7C50026C0C7 /* FormParser.swift */ = {isa = PBXFileReference; lastKnownFileType = sourcecode.swift; path = FormParser.swift; sourceTree = "<group>"; };
		A0FFE4F520CEAD700026C0C7 /* String+Ext.swift */ = {isa = PBXFileReference; lastKnownFileType = sourcecode.swift; path = "String+Ext.swift"; sourceTree = "<group>"; };
		A0FFE4F720CED3A20026C0C7 /* Form.swift */ = {isa = PBXFileReference; lastKnownFileType = sourcecode.swift; path = Form.swift; sourceTree = "<group>"; };
		A0FFE4FC20CEEA7E0026C0C7 /* Screen.swift */ = {isa = PBXFileReference; lastKnownFileType = sourcecode.swift; path = Screen.swift; sourceTree = "<group>"; };
		A0FFE4FE20CEEAB70026C0C7 /* ItemForm.swift */ = {isa = PBXFileReference; lastKnownFileType = sourcecode.swift; path = ItemForm.swift; sourceTree = "<group>"; };
		A0FFE50020CEEADD0026C0C7 /* OptionItem.swift */ = {isa = PBXFileReference; lastKnownFileType = sourcecode.swift; path = OptionItem.swift; sourceTree = "<group>"; };
		A0FFE50320CEEB1B0026C0C7 /* CheckItem.swift */ = {isa = PBXFileReference; lastKnownFileType = sourcecode.swift; path = CheckItem.swift; sourceTree = "<group>"; };
		A4ADF593BBEE416EA8DEFB5E /* Pods-UmbrellaUITests.release.xcconfig */ = {isa = PBXFileReference; includeInIndex = 1; lastKnownFileType = text.xcconfig; name = "Pods-UmbrellaUITests.release.xcconfig"; path = "Pods/Target Support Files/Pods-UmbrellaUITests/Pods-UmbrellaUITests.release.xcconfig"; sourceTree = "<group>"; };
		B8E7691B86B48D0956C3E803 /* Pods_UmbrellaUITests.framework */ = {isa = PBXFileReference; explicitFileType = wrapper.framework; includeInIndex = 0; path = Pods_UmbrellaUITests.framework; sourceTree = BUILT_PRODUCTS_DIR; };
		BAA3F4584FA3E3C23C5613F5 /* Pods-UmbrellaTests.appstore.xcconfig */ = {isa = PBXFileReference; includeInIndex = 1; lastKnownFileType = text.xcconfig; name = "Pods-UmbrellaTests.appstore.xcconfig"; path = "Pods/Target Support Files/Pods-UmbrellaTests/Pods-UmbrellaTests.appstore.xcconfig"; sourceTree = "<group>"; };
		F8A451277F7D2051F95F3ED5 /* Pods_UmbrellaTests.framework */ = {isa = PBXFileReference; explicitFileType = wrapper.framework; includeInIndex = 0; path = Pods_UmbrellaTests.framework; sourceTree = BUILT_PRODUCTS_DIR; };
/* End PBXFileReference section */

/* Begin PBXFrameworksBuildPhase section */
		A0B9D41F20AAE03600B2B796 /* Frameworks */ = {
			isa = PBXFrameworksBuildPhase;
			buildActionMask = 2147483647;
			files = (
				3BB472962D5E529D96075E59 /* Pods_Umbrella.framework in Frameworks */,
			);
			runOnlyForDeploymentPostprocessing = 0;
		};
		A0B9D43320AAE03900B2B796 /* Frameworks */ = {
			isa = PBXFrameworksBuildPhase;
			buildActionMask = 2147483647;
			files = (
				F1FDE5C3E9651E71B4BE0210 /* Pods_UmbrellaTests.framework in Frameworks */,
			);
			runOnlyForDeploymentPostprocessing = 0;
		};
		A0B9D43E20AAE03900B2B796 /* Frameworks */ = {
			isa = PBXFrameworksBuildPhase;
			buildActionMask = 2147483647;
			files = (
				90309D2A4532B7A930C5A0B5 /* Pods_UmbrellaUITests.framework in Frameworks */,
			);
			runOnlyForDeploymentPostprocessing = 0;
		};
/* End PBXFrameworksBuildPhase section */

/* Begin PBXGroup section */
		42B384553224FD90BD6F0A6D /* Pods */ = {
			isa = PBXGroup;
			children = (
				9386F5AC361BF2292BED1D62 /* Pods-Umbrella.debug.xcconfig */,
				6A1EFF726C4C7E44324B782A /* Pods-Umbrella.release.xcconfig */,
				0DFB77FD1C93E25EB830AD63 /* Pods-UmbrellaTests.debug.xcconfig */,
				24297CB845AEF494BD4A0415 /* Pods-UmbrellaTests.release.xcconfig */,
				4E0DEE1B3526F08322F4A48E /* Pods-UmbrellaUITests.debug.xcconfig */,
				A4ADF593BBEE416EA8DEFB5E /* Pods-UmbrellaUITests.release.xcconfig */,
				0295A615E60C71FE1399AFF0 /* Pods-Umbrella.appstore.xcconfig */,
				5BA1038E1B50B8AC755878C7 /* Pods-Umbrella.adhoc.xcconfig */,
				BAA3F4584FA3E3C23C5613F5 /* Pods-UmbrellaTests.appstore.xcconfig */,
				36EF15B7B1FD29338A95E3CE /* Pods-UmbrellaTests.adhoc.xcconfig */,
				5AF087A949C8033824447827 /* Pods-UmbrellaUITests.appstore.xcconfig */,
				04D925499B8AEB466D8718D6 /* Pods-UmbrellaUITests.adhoc.xcconfig */,
			);
			name = Pods;
			sourceTree = "<group>";
		};
		6BD42E5E7F88D3A165B659C7 /* Frameworks */ = {
			isa = PBXGroup;
			children = (
				A0C6CE9320B1E5D6005BC111 /* Result.framework */,
				A0C6CE9220B1E5D6005BC111 /* SwiftGit2.framework */,
				98E22A2D801A595634B54EAE /* Pods_Umbrella.framework */,
				F8A451277F7D2051F95F3ED5 /* Pods_UmbrellaTests.framework */,
				B8E7691B86B48D0956C3E803 /* Pods_UmbrellaUITests.framework */,
			);
			name = Frameworks;
			sourceTree = "<group>";
		};
		A064CE9420AC497D00CE99E1 /* Database */ = {
			isa = PBXGroup;
			children = (
				A064CE9520AC497D00CE99E1 /* database.db */,
			);
			path = Database;
			sourceTree = "<group>";
		};
		A0B9787320ADC79800A287C8 /* Dao */ = {
			isa = PBXGroup;
			children = (
				A0B9787420ADC7AE00A287C8 /* CategoryDao.swift */,
				A0B9787620ADC7D100A287C8 /* DaoProtocol.swift */,
			);
			path = Dao;
			sourceTree = "<group>";
		};
		A0B9D41920AAE03600B2B796 = {
			isa = PBXGroup;
			children = (
				A0B9D42420AAE03600B2B796 /* Umbrella */,
				A0B9D43920AAE03900B2B796 /* UmbrellaTests */,
				A0B9D44420AAE03900B2B796 /* UmbrellaUITests */,
				A0B9D42320AAE03600B2B796 /* Products */,
				42B384553224FD90BD6F0A6D /* Pods */,
				6BD42E5E7F88D3A165B659C7 /* Frameworks */,
			);
			sourceTree = "<group>";
		};
		A0B9D42320AAE03600B2B796 /* Products */ = {
			isa = PBXGroup;
			children = (
				A0B9D42220AAE03600B2B796 /* Umbrella.app */,
				A0B9D43620AAE03900B2B796 /* UmbrellaTests.xctest */,
				A0B9D44120AAE03900B2B796 /* UmbrellaUITests.xctest */,
			);
			name = Products;
			sourceTree = "<group>";
		};
		A0B9D42420AAE03600B2B796 /* Umbrella */ = {
			isa = PBXGroup;
			children = (
				A0B9D45E20AAE1CF00B2B796 /* AppDelegate */,
				A0B9D45C20AAE1CF00B2B796 /* Storyboards */,
				A0B9D45320AAE1CD00B2B796 /* Extensions */,
				A0B9D45720AAE1CE00B2B796 /* Helpers */,
				A0B9D45920AAE1CE00B2B796 /* Networking */,
				A0B9D45A20AAE1CE00B2B796 /* Protocols */,
				A0B9D45420AAE1CE00B2B796 /* Models */,
				A0B9D45820AAE1CE00B2B796 /* Views */,
				A0B9D45520AAE1CE00B2B796 /* ViewControllers */,
				A0B9D45B20AAE1CE00B2B796 /* ViewModels */,
				A0B9D45D20AAE1CF00B2B796 /* Resources */,
			);
			path = Umbrella;
			sourceTree = "<group>";
		};
		A0B9D43920AAE03900B2B796 /* UmbrellaTests */ = {
			isa = PBXGroup;
			children = (
				A0B9D43A20AAE03900B2B796 /* UmbrellaTests.swift */,
				A0B9D43C20AAE03900B2B796 /* Info.plist */,
			);
			path = UmbrellaTests;
			sourceTree = "<group>";
		};
		A0B9D44420AAE03900B2B796 /* UmbrellaUITests */ = {
			isa = PBXGroup;
			children = (
				A0B9D44520AAE03900B2B796 /* UmbrellaUITests.swift */,
				A0B9D44720AAE03900B2B796 /* Info.plist */,
			);
			path = UmbrellaUITests;
			sourceTree = "<group>";
		};
		A0B9D45320AAE1CD00B2B796 /* Extensions */ = {
			isa = PBXGroup;
			children = (
				A0D170C020CE976700758A8D /* Array+Ext.swift */,
				A0D170C220CE97F200758A8D /* File+Ext.swift */,
				A0FFE4F520CEAD700026C0C7 /* String+Ext.swift */,
			);
			path = Extensions;
			sourceTree = "<group>";
		};
		A0B9D45420AAE1CE00B2B796 /* Models */ = {
			isa = PBXGroup;
			children = (
				A0B9787320ADC79800A287C8 /* Dao */,
				A075248B20C8290300E91A4A /* Language.swift */,
				A064CE9720AC883900CE99E1 /* Category.swift */,
				A075248720C824B300E91A4A /* Segment.swift */,
				A0FFE50220CEEB010026C0C7 /* CheckList */,
				A0FFE4FB20CEEA660026C0C7 /* Form */,
			);
			path = Models;
			sourceTree = "<group>";
		};
		A0B9D45520AAE1CE00B2B796 /* ViewControllers */ = {
			isa = PBXGroup;
			children = (
				A0B9D45620AAE1CE00B2B796 /* HomeViewController.swift */,
			);
			path = ViewControllers;
			sourceTree = "<group>";
		};
		A0B9D45720AAE1CE00B2B796 /* Helpers */ = {
			isa = PBXGroup;
			children = (
				A0C6CE9F20B5ABB6005BC111 /* Constants.swift */,
				A0C6CE9B20B1EBB8005BC111 /* Global.swift */,
				A0C6CEA420B6D135005BC111 /* Parses */,
				A0C6CEA320B5ADF3005BC111 /* Managers */,
			);
			path = Helpers;
			sourceTree = "<group>";
		};
		A0B9D45820AAE1CE00B2B796 /* Views */ = {
			isa = PBXGroup;
			children = (
			);
			path = Views;
			sourceTree = "<group>";
		};
		A0B9D45920AAE1CE00B2B796 /* Networking */ = {
			isa = PBXGroup;
			children = (
				A0B9D46220AAE1F000B2B796 /* Services */,
			);
			path = Networking;
			sourceTree = "<group>";
		};
		A0B9D45A20AAE1CE00B2B796 /* Protocols */ = {
			isa = PBXGroup;
			children = (
				A0B9787020ADA12B00A287C8 /* TableProtocol.swift */,
				A0D170BE20CE93C000758A8D /* FolderProtocol.swift */,
			);
			path = Protocols;
			sourceTree = "<group>";
		};
		A0B9D45B20AAE1CE00B2B796 /* ViewModels */ = {
			isa = PBXGroup;
			children = (
				A0C6CEA920B70CC0005BC111 /* HomeViewModel.swift */,
			);
			path = ViewModels;
			sourceTree = "<group>";
		};
		A0B9D45C20AAE1CF00B2B796 /* Storyboards */ = {
			isa = PBXGroup;
			children = (
				A0B9D42E20AAE03900B2B796 /* LaunchScreen.storyboard */,
				A0B9D42920AAE03600B2B796 /* Main.storyboard */,
			);
			path = Storyboards;
			sourceTree = "<group>";
		};
		A0B9D45D20AAE1CF00B2B796 /* Resources */ = {
			isa = PBXGroup;
			children = (
				A064CE9420AC497D00CE99E1 /* Database */,
				A0B9D43120AAE03900B2B796 /* Info.plist */,
				A0B9D42C20AAE03900B2B796 /* Assets.xcassets */,
			);
			path = Resources;
			sourceTree = "<group>";
		};
		A0B9D45E20AAE1CF00B2B796 /* AppDelegate */ = {
			isa = PBXGroup;
			children = (
				A0B9D45F20AAE1CF00B2B796 /* AppDelegate.swift */,
			);
			path = AppDelegate;
			sourceTree = "<group>";
		};
		A0B9D46220AAE1F000B2B796 /* Services */ = {
			isa = PBXGroup;
			children = (
			);
			path = Services;
			sourceTree = "<group>";
		};
		A0C6CEA320B5ADF3005BC111 /* Managers */ = {
			isa = PBXGroup;
			children = (
				A064CE9220AC47E800CE99E1 /* SQLManager.swift */,
				A0C6CE9D20B5AB3A005BC111 /* GitManager.swift */,
			);
			path = Managers;
			sourceTree = "<group>";
		};
		A0C6CEA420B6D135005BC111 /* Parses */ = {
			isa = PBXGroup;
			children = (
				A0659CD120C0353D0060F812 /* UmbrellaParser.swift */,
				A0C6CEA520B6D14C005BC111 /* CategoryParser.swift */,
				A0FFE4F120CEA7BB0026C0C7 /* CheckListParser.swift */,
				A0C6CEAD20B70F1E005BC111 /* SegmentParser.swift */,
				A0FFE4F320CEA7C50026C0C7 /* FormParser.swift */,
			);
			path = Parses;
			sourceTree = "<group>";
		};
		A0FFE4FB20CEEA660026C0C7 /* Form */ = {
			isa = PBXGroup;
			children = (
				A0FFE4F720CED3A20026C0C7 /* Form.swift */,
				A0FFE4FC20CEEA7E0026C0C7 /* Screen.swift */,
				A0FFE4FE20CEEAB70026C0C7 /* ItemForm.swift */,
				A0FFE50020CEEADD0026C0C7 /* OptionItem.swift */,
			);
			path = Form;
			sourceTree = "<group>";
		};
		A0FFE50220CEEB010026C0C7 /* CheckList */ = {
			isa = PBXGroup;
			children = (
				A075248920C824E200E91A4A /* CheckList.swift */,
				A0FFE50320CEEB1B0026C0C7 /* CheckItem.swift */,
			);
			path = CheckList;
			sourceTree = "<group>";
		};
/* End PBXGroup section */

/* Begin PBXNativeTarget section */
		A0B9D42120AAE03600B2B796 /* Umbrella */ = {
			isa = PBXNativeTarget;
			buildConfigurationList = A0B9D44A20AAE03900B2B796 /* Build configuration list for PBXNativeTarget "Umbrella" */;
			buildPhases = (
				99372F1E561386EA80207056 /* [CP] Check Pods Manifest.lock */,
				A0B9D41E20AAE03600B2B796 /* Sources */,
				A0B9D41F20AAE03600B2B796 /* Frameworks */,
				A0B9D42020AAE03600B2B796 /* Resources */,
				A0C6CE9A20B1E66B005BC111 /* Embed Frameworks */,
				82674C40E9961726A75A0971 /* [CP] Embed Pods Frameworks */,
				A0B9D46520AB9C3800B2B796 /* Run Script - SwiftLint */,
				A0B9D46620AB9CC300B2B796 /* Run Script - Fabric */,
			);
			buildRules = (
			);
			dependencies = (
			);
			name = Umbrella;
			productName = Umbrella;
			productReference = A0B9D42220AAE03600B2B796 /* Umbrella.app */;
			productType = "com.apple.product-type.application";
		};
		A0B9D43520AAE03900B2B796 /* UmbrellaTests */ = {
			isa = PBXNativeTarget;
			buildConfigurationList = A0B9D44D20AAE03900B2B796 /* Build configuration list for PBXNativeTarget "UmbrellaTests" */;
			buildPhases = (
				E9E6A98A10749655FC8F9303 /* [CP] Check Pods Manifest.lock */,
				A0B9D43220AAE03900B2B796 /* Sources */,
				A0B9D43320AAE03900B2B796 /* Frameworks */,
				A0B9D43420AAE03900B2B796 /* Resources */,
				015C1FF0E3D6E55A3ABD3876 /* [CP] Embed Pods Frameworks */,
			);
			buildRules = (
			);
			dependencies = (
				A0B9D43820AAE03900B2B796 /* PBXTargetDependency */,
			);
			name = UmbrellaTests;
			productName = UmbrellaTests;
			productReference = A0B9D43620AAE03900B2B796 /* UmbrellaTests.xctest */;
			productType = "com.apple.product-type.bundle.unit-test";
		};
		A0B9D44020AAE03900B2B796 /* UmbrellaUITests */ = {
			isa = PBXNativeTarget;
			buildConfigurationList = A0B9D45020AAE03900B2B796 /* Build configuration list for PBXNativeTarget "UmbrellaUITests" */;
			buildPhases = (
				2B7A9F0D719E81B72708DE6A /* [CP] Check Pods Manifest.lock */,
				A0B9D43D20AAE03900B2B796 /* Sources */,
				A0B9D43E20AAE03900B2B796 /* Frameworks */,
				A0B9D43F20AAE03900B2B796 /* Resources */,
			);
			buildRules = (
			);
			dependencies = (
				A0B9D44320AAE03900B2B796 /* PBXTargetDependency */,
			);
			name = UmbrellaUITests;
			productName = UmbrellaUITests;
			productReference = A0B9D44120AAE03900B2B796 /* UmbrellaUITests.xctest */;
			productType = "com.apple.product-type.bundle.ui-testing";
		};
/* End PBXNativeTarget section */

/* Begin PBXProject section */
		A0B9D41A20AAE03600B2B796 /* Project object */ = {
			isa = PBXProject;
			attributes = {
				LastSwiftUpdateCheck = 0930;
				LastUpgradeCheck = 0930;
				ORGANIZATIONNAME = "Security First";
				TargetAttributes = {
					A0B9D42120AAE03600B2B796 = {
						CreatedOnToolsVersion = 9.3;
					};
					A0B9D43520AAE03900B2B796 = {
						CreatedOnToolsVersion = 9.3;
						TestTargetID = A0B9D42120AAE03600B2B796;
					};
					A0B9D44020AAE03900B2B796 = {
						CreatedOnToolsVersion = 9.3;
						TestTargetID = A0B9D42120AAE03600B2B796;
					};
				};
			};
			buildConfigurationList = A0B9D41D20AAE03600B2B796 /* Build configuration list for PBXProject "Umbrella" */;
			compatibilityVersion = "Xcode 9.3";
			developmentRegion = en;
			hasScannedForEncodings = 0;
			knownRegions = (
				en,
				Base,
			);
			mainGroup = A0B9D41920AAE03600B2B796;
			productRefGroup = A0B9D42320AAE03600B2B796 /* Products */;
			projectDirPath = "";
			projectRoot = "";
			targets = (
				A0B9D42120AAE03600B2B796 /* Umbrella */,
				A0B9D43520AAE03900B2B796 /* UmbrellaTests */,
				A0B9D44020AAE03900B2B796 /* UmbrellaUITests */,
			);
		};
/* End PBXProject section */

/* Begin PBXResourcesBuildPhase section */
		A0B9D42020AAE03600B2B796 /* Resources */ = {
			isa = PBXResourcesBuildPhase;
			buildActionMask = 2147483647;
			files = (
				A064CE9620AC497D00CE99E1 /* database.db in Resources */,
				A0B9D43020AAE03900B2B796 /* LaunchScreen.storyboard in Resources */,
				A0B9D42D20AAE03900B2B796 /* Assets.xcassets in Resources */,
				A0B9D42B20AAE03600B2B796 /* Main.storyboard in Resources */,
			);
			runOnlyForDeploymentPostprocessing = 0;
		};
		A0B9D43420AAE03900B2B796 /* Resources */ = {
			isa = PBXResourcesBuildPhase;
			buildActionMask = 2147483647;
			files = (
			);
			runOnlyForDeploymentPostprocessing = 0;
		};
		A0B9D43F20AAE03900B2B796 /* Resources */ = {
			isa = PBXResourcesBuildPhase;
			buildActionMask = 2147483647;
			files = (
			);
			runOnlyForDeploymentPostprocessing = 0;
		};
/* End PBXResourcesBuildPhase section */

/* Begin PBXShellScriptBuildPhase section */
		015C1FF0E3D6E55A3ABD3876 /* [CP] Embed Pods Frameworks */ = {
			isa = PBXShellScriptBuildPhase;
			buildActionMask = 2147483647;
			files = (
			);
			inputPaths = (
				"${SRCROOT}/Pods/Target Support Files/Pods-UmbrellaTests/Pods-UmbrellaTests-frameworks.sh",
				"${BUILT_PRODUCTS_DIR}/Nimble/Nimble.framework",
				"${BUILT_PRODUCTS_DIR}/Quick/Quick.framework",
			);
			name = "[CP] Embed Pods Frameworks";
			outputPaths = (
				"${TARGET_BUILD_DIR}/${FRAMEWORKS_FOLDER_PATH}/Nimble.framework",
				"${TARGET_BUILD_DIR}/${FRAMEWORKS_FOLDER_PATH}/Quick.framework",
			);
			runOnlyForDeploymentPostprocessing = 0;
			shellPath = /bin/sh;
			shellScript = "\"${SRCROOT}/Pods/Target Support Files/Pods-UmbrellaTests/Pods-UmbrellaTests-frameworks.sh\"\n";
			showEnvVarsInLog = 0;
		};
		2B7A9F0D719E81B72708DE6A /* [CP] Check Pods Manifest.lock */ = {
			isa = PBXShellScriptBuildPhase;
			buildActionMask = 2147483647;
			files = (
			);
			inputPaths = (
				"${PODS_PODFILE_DIR_PATH}/Podfile.lock",
				"${PODS_ROOT}/Manifest.lock",
			);
			name = "[CP] Check Pods Manifest.lock";
			outputPaths = (
				"$(DERIVED_FILE_DIR)/Pods-UmbrellaUITests-checkManifestLockResult.txt",
			);
			runOnlyForDeploymentPostprocessing = 0;
			shellPath = /bin/sh;
			shellScript = "diff \"${PODS_PODFILE_DIR_PATH}/Podfile.lock\" \"${PODS_ROOT}/Manifest.lock\" > /dev/null\nif [ $? != 0 ] ; then\n    # print error to STDERR\n    echo \"error: The sandbox is not in sync with the Podfile.lock. Run 'pod install' or update your CocoaPods installation.\" >&2\n    exit 1\nfi\n# This output is used by Xcode 'outputs' to avoid re-running this script phase.\necho \"SUCCESS\" > \"${SCRIPT_OUTPUT_FILE_0}\"\n";
			showEnvVarsInLog = 0;
		};
		82674C40E9961726A75A0971 /* [CP] Embed Pods Frameworks */ = {
			isa = PBXShellScriptBuildPhase;
			buildActionMask = 2147483647;
			files = (
			);
			inputPaths = (
				"${SRCROOT}/Pods/Target Support Files/Pods-Umbrella/Pods-Umbrella-frameworks.sh",
				"${BUILT_PRODUCTS_DIR}/Files/Files.framework",
				"${BUILT_PRODUCTS_DIR}/MarkdownView/MarkdownView.framework",
				"${BUILT_PRODUCTS_DIR}/SQLCipher/SQLCipher.framework",
				"${BUILT_PRODUCTS_DIR}/SQLite.swift/SQLite.framework",
				"${BUILT_PRODUCTS_DIR}/Yams/Yams.framework",
			);
			name = "[CP] Embed Pods Frameworks";
			outputPaths = (
				"${TARGET_BUILD_DIR}/${FRAMEWORKS_FOLDER_PATH}/Files.framework",
				"${TARGET_BUILD_DIR}/${FRAMEWORKS_FOLDER_PATH}/MarkdownView.framework",
				"${TARGET_BUILD_DIR}/${FRAMEWORKS_FOLDER_PATH}/SQLCipher.framework",
				"${TARGET_BUILD_DIR}/${FRAMEWORKS_FOLDER_PATH}/SQLite.framework",
				"${TARGET_BUILD_DIR}/${FRAMEWORKS_FOLDER_PATH}/Yams.framework",
			);
			runOnlyForDeploymentPostprocessing = 0;
			shellPath = /bin/sh;
			shellScript = "\"${SRCROOT}/Pods/Target Support Files/Pods-Umbrella/Pods-Umbrella-frameworks.sh\"\n";
			showEnvVarsInLog = 0;
		};
		99372F1E561386EA80207056 /* [CP] Check Pods Manifest.lock */ = {
			isa = PBXShellScriptBuildPhase;
			buildActionMask = 2147483647;
			files = (
			);
			inputPaths = (
				"${PODS_PODFILE_DIR_PATH}/Podfile.lock",
				"${PODS_ROOT}/Manifest.lock",
			);
			name = "[CP] Check Pods Manifest.lock";
			outputPaths = (
				"$(DERIVED_FILE_DIR)/Pods-Umbrella-checkManifestLockResult.txt",
			);
			runOnlyForDeploymentPostprocessing = 0;
			shellPath = /bin/sh;
			shellScript = "diff \"${PODS_PODFILE_DIR_PATH}/Podfile.lock\" \"${PODS_ROOT}/Manifest.lock\" > /dev/null\nif [ $? != 0 ] ; then\n    # print error to STDERR\n    echo \"error: The sandbox is not in sync with the Podfile.lock. Run 'pod install' or update your CocoaPods installation.\" >&2\n    exit 1\nfi\n# This output is used by Xcode 'outputs' to avoid re-running this script phase.\necho \"SUCCESS\" > \"${SCRIPT_OUTPUT_FILE_0}\"\n";
			showEnvVarsInLog = 0;
		};
		A0B9D46520AB9C3800B2B796 /* Run Script - SwiftLint */ = {
			isa = PBXShellScriptBuildPhase;
			buildActionMask = 2147483647;
			files = (
			);
			inputPaths = (
			);
			name = "Run Script - SwiftLint";
			outputPaths = (
			);
			runOnlyForDeploymentPostprocessing = 0;
			shellPath = /bin/sh;
			shellScript = "if which swiftlint >/dev/null; then\nswiftlint\nelse\necho \"warning: SwiftLint not installed, download from https://github.com/realm/SwiftLint\"\nfi";
		};
		A0B9D46620AB9CC300B2B796 /* Run Script - Fabric */ = {
			isa = PBXShellScriptBuildPhase;
			buildActionMask = 12;
			files = (
			);
			inputPaths = (
			);
			name = "Run Script - Fabric";
			outputPaths = (
			);
			runOnlyForDeploymentPostprocessing = 0;
			shellPath = /bin/sh;
			shellScript = "\"${PODS_ROOT}/Fabric/run\" f25eccbeaeeb109eecb8bcd8bd9bdb5ae8275cee 19c68129629b1e03bb34208315d4732db9d9666cf7b5e025729ee192c2ca783b";
		};
		E9E6A98A10749655FC8F9303 /* [CP] Check Pods Manifest.lock */ = {
			isa = PBXShellScriptBuildPhase;
			buildActionMask = 2147483647;
			files = (
			);
			inputPaths = (
				"${PODS_PODFILE_DIR_PATH}/Podfile.lock",
				"${PODS_ROOT}/Manifest.lock",
			);
			name = "[CP] Check Pods Manifest.lock";
			outputPaths = (
				"$(DERIVED_FILE_DIR)/Pods-UmbrellaTests-checkManifestLockResult.txt",
			);
			runOnlyForDeploymentPostprocessing = 0;
			shellPath = /bin/sh;
			shellScript = "diff \"${PODS_PODFILE_DIR_PATH}/Podfile.lock\" \"${PODS_ROOT}/Manifest.lock\" > /dev/null\nif [ $? != 0 ] ; then\n    # print error to STDERR\n    echo \"error: The sandbox is not in sync with the Podfile.lock. Run 'pod install' or update your CocoaPods installation.\" >&2\n    exit 1\nfi\n# This output is used by Xcode 'outputs' to avoid re-running this script phase.\necho \"SUCCESS\" > \"${SCRIPT_OUTPUT_FILE_0}\"\n";
			showEnvVarsInLog = 0;
		};
/* End PBXShellScriptBuildPhase section */

/* Begin PBXSourcesBuildPhase section */
		A0B9D41E20AAE03600B2B796 /* Sources */ = {
			isa = PBXSourcesBuildPhase;
			buildActionMask = 2147483647;
			files = (
				A0D170C120CE976700758A8D /* Array+Ext.swift in Sources */,
				A0FFE4F420CEA7C50026C0C7 /* FormParser.swift in Sources */,
				A075248A20C824E200E91A4A /* CheckList.swift in Sources */,
				A0C6CE9C20B1EBB8005BC111 /* Global.swift in Sources */,
				A0FFE4FF20CEEAB70026C0C7 /* ItemForm.swift in Sources */,
				A0C6CE9E20B5AB3B005BC111 /* GitManager.swift in Sources */,
				A0B9787120ADA12B00A287C8 /* TableProtocol.swift in Sources */,
				A075248C20C8290300E91A4A /* Language.swift in Sources */,
				A0FFE4F620CEAD700026C0C7 /* String+Ext.swift in Sources */,
				A0B9D46120AAE1CF00B2B796 /* AppDelegate.swift in Sources */,
				A0B9787720ADC7D100A287C8 /* DaoProtocol.swift in Sources */,
				A0FFE50420CEEB1B0026C0C7 /* CheckItem.swift in Sources */,
				A0C6CEA020B5ABB6005BC111 /* Constants.swift in Sources */,
				A0C6CEA620B6D14C005BC111 /* CategoryParser.swift in Sources */,
				A0C6CEAA20B70CC0005BC111 /* HomeViewModel.swift in Sources */,
				A0C6CEAE20B70F1E005BC111 /* SegmentParser.swift in Sources */,
				A0D170BF20CE93C000758A8D /* FolderProtocol.swift in Sources */,
				A0B9D46020AAE1CF00B2B796 /* HomeViewController.swift in Sources */,
				A0B9787520ADC7AE00A287C8 /* CategoryDao.swift in Sources */,
				A0FFE50120CEEADD0026C0C7 /* OptionItem.swift in Sources */,
				A0FFE4F820CED3A20026C0C7 /* Form.swift in Sources */,
				A0659CD220C0353D0060F812 /* UmbrellaParser.swift in Sources */,
				A064CE9320AC47E800CE99E1 /* SQLManager.swift in Sources */,
				A0FFE4FD20CEEA7E0026C0C7 /* Screen.swift in Sources */,
				A0D170C320CE97F200758A8D /* File+Ext.swift in Sources */,
				A075248820C824B300E91A4A /* Segment.swift in Sources */,
				A064CE9820AC883900CE99E1 /* Category.swift in Sources */,
				A0FFE4F220CEA7BB0026C0C7 /* CheckListParser.swift in Sources */,
			);
			runOnlyForDeploymentPostprocessing = 0;
		};
		A0B9D43220AAE03900B2B796 /* Sources */ = {
			isa = PBXSourcesBuildPhase;
			buildActionMask = 2147483647;
			files = (
				A0B9D43B20AAE03900B2B796 /* UmbrellaTests.swift in Sources */,
			);
			runOnlyForDeploymentPostprocessing = 0;
		};
		A0B9D43D20AAE03900B2B796 /* Sources */ = {
			isa = PBXSourcesBuildPhase;
			buildActionMask = 2147483647;
			files = (
				A0B9D44620AAE03900B2B796 /* UmbrellaUITests.swift in Sources */,
			);
			runOnlyForDeploymentPostprocessing = 0;
		};
/* End PBXSourcesBuildPhase section */

/* Begin PBXTargetDependency section */
		A0B9D43820AAE03900B2B796 /* PBXTargetDependency */ = {
			isa = PBXTargetDependency;
			target = A0B9D42120AAE03600B2B796 /* Umbrella */;
			targetProxy = A0B9D43720AAE03900B2B796 /* PBXContainerItemProxy */;
		};
		A0B9D44320AAE03900B2B796 /* PBXTargetDependency */ = {
			isa = PBXTargetDependency;
			target = A0B9D42120AAE03600B2B796 /* Umbrella */;
			targetProxy = A0B9D44220AAE03900B2B796 /* PBXContainerItemProxy */;
		};
/* End PBXTargetDependency section */

/* Begin PBXVariantGroup section */
		A0B9D42920AAE03600B2B796 /* Main.storyboard */ = {
			isa = PBXVariantGroup;
			children = (
				A0B9D42A20AAE03600B2B796 /* Base */,
			);
			name = Main.storyboard;
			sourceTree = "<group>";
		};
		A0B9D42E20AAE03900B2B796 /* LaunchScreen.storyboard */ = {
			isa = PBXVariantGroup;
			children = (
				A0B9D42F20AAE03900B2B796 /* Base */,
			);
			name = LaunchScreen.storyboard;
			sourceTree = "<group>";
		};
/* End PBXVariantGroup section */

/* Begin XCBuildConfiguration section */
		A0B9D44820AAE03900B2B796 /* Debug */ = {
			isa = XCBuildConfiguration;
			buildSettings = {
				ALWAYS_SEARCH_USER_PATHS = NO;
				CLANG_ANALYZER_NONNULL = YES;
				CLANG_ANALYZER_NUMBER_OBJECT_CONVERSION = YES_AGGRESSIVE;
				CLANG_CXX_LANGUAGE_STANDARD = "gnu++14";
				CLANG_CXX_LIBRARY = "libc++";
				CLANG_ENABLE_MODULES = YES;
				CLANG_ENABLE_OBJC_ARC = YES;
				CLANG_ENABLE_OBJC_WEAK = YES;
				CLANG_WARN_BLOCK_CAPTURE_AUTORELEASING = YES;
				CLANG_WARN_BOOL_CONVERSION = YES;
				CLANG_WARN_COMMA = YES;
				CLANG_WARN_CONSTANT_CONVERSION = YES;
				CLANG_WARN_DEPRECATED_OBJC_IMPLEMENTATIONS = YES;
				CLANG_WARN_DIRECT_OBJC_ISA_USAGE = YES_ERROR;
				CLANG_WARN_DOCUMENTATION_COMMENTS = YES;
				CLANG_WARN_EMPTY_BODY = YES;
				CLANG_WARN_ENUM_CONVERSION = YES;
				CLANG_WARN_INFINITE_RECURSION = YES;
				CLANG_WARN_INT_CONVERSION = YES;
				CLANG_WARN_NON_LITERAL_NULL_CONVERSION = YES;
				CLANG_WARN_OBJC_IMPLICIT_RETAIN_SELF = YES;
				CLANG_WARN_OBJC_LITERAL_CONVERSION = YES;
				CLANG_WARN_OBJC_ROOT_CLASS = YES_ERROR;
				CLANG_WARN_RANGE_LOOP_ANALYSIS = YES;
				CLANG_WARN_STRICT_PROTOTYPES = YES;
				CLANG_WARN_SUSPICIOUS_MOVE = YES;
				CLANG_WARN_UNGUARDED_AVAILABILITY = YES_AGGRESSIVE;
				CLANG_WARN_UNREACHABLE_CODE = YES;
				CLANG_WARN__DUPLICATE_METHOD_MATCH = YES;
				CODE_SIGN_IDENTITY = "iPhone Developer";
				COPY_PHASE_STRIP = NO;
				DEBUG_INFORMATION_FORMAT = dwarf;
				ENABLE_STRICT_OBJC_MSGSEND = YES;
				ENABLE_TESTABILITY = YES;
				GCC_C_LANGUAGE_STANDARD = gnu11;
				GCC_DYNAMIC_NO_PIC = NO;
				GCC_NO_COMMON_BLOCKS = YES;
				GCC_OPTIMIZATION_LEVEL = 0;
				GCC_PREPROCESSOR_DEFINITIONS = (
					"DEBUG=1",
					"$(inherited)",
				);
				GCC_WARN_64_TO_32_BIT_CONVERSION = YES;
				GCC_WARN_ABOUT_RETURN_TYPE = YES_ERROR;
				GCC_WARN_UNDECLARED_SELECTOR = YES;
				GCC_WARN_UNINITIALIZED_AUTOS = YES_AGGRESSIVE;
				GCC_WARN_UNUSED_FUNCTION = YES;
				GCC_WARN_UNUSED_VARIABLE = YES;
				IPHONEOS_DEPLOYMENT_TARGET = 11.3;
				MTL_ENABLE_DEBUG_INFO = YES;
				ONLY_ACTIVE_ARCH = YES;
				SDKROOT = iphoneos;
				SWIFT_ACTIVE_COMPILATION_CONDITIONS = DEBUG;
				SWIFT_OPTIMIZATION_LEVEL = "-Onone";
			};
			name = Debug;
		};
		A0B9D44920AAE03900B2B796 /* Release */ = {
			isa = XCBuildConfiguration;
			buildSettings = {
				ALWAYS_SEARCH_USER_PATHS = NO;
				CLANG_ANALYZER_NONNULL = YES;
				CLANG_ANALYZER_NUMBER_OBJECT_CONVERSION = YES_AGGRESSIVE;
				CLANG_CXX_LANGUAGE_STANDARD = "gnu++14";
				CLANG_CXX_LIBRARY = "libc++";
				CLANG_ENABLE_MODULES = YES;
				CLANG_ENABLE_OBJC_ARC = YES;
				CLANG_ENABLE_OBJC_WEAK = YES;
				CLANG_WARN_BLOCK_CAPTURE_AUTORELEASING = YES;
				CLANG_WARN_BOOL_CONVERSION = YES;
				CLANG_WARN_COMMA = YES;
				CLANG_WARN_CONSTANT_CONVERSION = YES;
				CLANG_WARN_DEPRECATED_OBJC_IMPLEMENTATIONS = YES;
				CLANG_WARN_DIRECT_OBJC_ISA_USAGE = YES_ERROR;
				CLANG_WARN_DOCUMENTATION_COMMENTS = YES;
				CLANG_WARN_EMPTY_BODY = YES;
				CLANG_WARN_ENUM_CONVERSION = YES;
				CLANG_WARN_INFINITE_RECURSION = YES;
				CLANG_WARN_INT_CONVERSION = YES;
				CLANG_WARN_NON_LITERAL_NULL_CONVERSION = YES;
				CLANG_WARN_OBJC_IMPLICIT_RETAIN_SELF = YES;
				CLANG_WARN_OBJC_LITERAL_CONVERSION = YES;
				CLANG_WARN_OBJC_ROOT_CLASS = YES_ERROR;
				CLANG_WARN_RANGE_LOOP_ANALYSIS = YES;
				CLANG_WARN_STRICT_PROTOTYPES = YES;
				CLANG_WARN_SUSPICIOUS_MOVE = YES;
				CLANG_WARN_UNGUARDED_AVAILABILITY = YES_AGGRESSIVE;
				CLANG_WARN_UNREACHABLE_CODE = YES;
				CLANG_WARN__DUPLICATE_METHOD_MATCH = YES;
				CODE_SIGN_IDENTITY = "iPhone Developer";
				COPY_PHASE_STRIP = NO;
				DEBUG_INFORMATION_FORMAT = "dwarf-with-dsym";
				ENABLE_NS_ASSERTIONS = NO;
				ENABLE_STRICT_OBJC_MSGSEND = YES;
				GCC_C_LANGUAGE_STANDARD = gnu11;
				GCC_NO_COMMON_BLOCKS = YES;
				GCC_WARN_64_TO_32_BIT_CONVERSION = YES;
				GCC_WARN_ABOUT_RETURN_TYPE = YES_ERROR;
				GCC_WARN_UNDECLARED_SELECTOR = YES;
				GCC_WARN_UNINITIALIZED_AUTOS = YES_AGGRESSIVE;
				GCC_WARN_UNUSED_FUNCTION = YES;
				GCC_WARN_UNUSED_VARIABLE = YES;
				IPHONEOS_DEPLOYMENT_TARGET = 11.3;
				MTL_ENABLE_DEBUG_INFO = NO;
				SDKROOT = iphoneos;
				SWIFT_COMPILATION_MODE = wholemodule;
				SWIFT_OPTIMIZATION_LEVEL = "-O";
				VALIDATE_PRODUCT = YES;
			};
			name = Release;
		};
		A0B9D44B20AAE03900B2B796 /* Debug */ = {
			isa = XCBuildConfiguration;
			baseConfigurationReference = 9386F5AC361BF2292BED1D62 /* Pods-Umbrella.debug.xcconfig */;
			buildSettings = {
				ASSETCATALOG_COMPILER_APPICON_NAME = AppIcon;
				ASSETCATALOG_COMPILER_LAUNCHIMAGE_NAME = LaunchImage;
				CODE_SIGN_STYLE = Automatic;
				DEBUG_INFORMATION_FORMAT = "dwarf-with-dsym";
				DEVELOPMENT_TEAM = 6CG326ELR9;
				FRAMEWORK_SEARCH_PATHS = (
					"$(inherited)",
					"$(PROJECT_DIR)",
				);
				INFOPLIST_FILE = "$(SRCROOT)/Umbrella/Resources/Info.plist";
				IPHONEOS_DEPLOYMENT_TARGET = 10.0;
				LD_RUNPATH_SEARCH_PATHS = (
					"$(inherited)",
					"@executable_path/Frameworks",
				);
				PRODUCT_BUNDLE_IDENTIFIER = org.secfirst.umbrella;
				PRODUCT_NAME = "$(TARGET_NAME)";
				SWIFT_VERSION = 4.0;
				TARGETED_DEVICE_FAMILY = "1,2";
			};
			name = Debug;
		};
		A0B9D44C20AAE03900B2B796 /* Release */ = {
			isa = XCBuildConfiguration;
			baseConfigurationReference = 6A1EFF726C4C7E44324B782A /* Pods-Umbrella.release.xcconfig */;
			buildSettings = {
				ASSETCATALOG_COMPILER_APPICON_NAME = AppIcon;
				ASSETCATALOG_COMPILER_LAUNCHIMAGE_NAME = LaunchImage;
				CODE_SIGN_STYLE = Automatic;
				DEVELOPMENT_TEAM = 6CG326ELR9;
				FRAMEWORK_SEARCH_PATHS = (
					"$(inherited)",
					"$(PROJECT_DIR)",
				);
				INFOPLIST_FILE = "$(SRCROOT)/Umbrella/Resources/Info.plist";
				IPHONEOS_DEPLOYMENT_TARGET = 10.0;
				LD_RUNPATH_SEARCH_PATHS = (
					"$(inherited)",
					"@executable_path/Frameworks",
				);
				PRODUCT_BUNDLE_IDENTIFIER = org.secfirst.umbrella;
				PRODUCT_NAME = "$(TARGET_NAME)";
				SWIFT_VERSION = 4.0;
				TARGETED_DEVICE_FAMILY = "1,2";
			};
			name = Release;
		};
		A0B9D44E20AAE03900B2B796 /* Debug */ = {
			isa = XCBuildConfiguration;
			baseConfigurationReference = 0DFB77FD1C93E25EB830AD63 /* Pods-UmbrellaTests.debug.xcconfig */;
			buildSettings = {
				ALWAYS_EMBED_SWIFT_STANDARD_LIBRARIES = "$(inherited)";
				BUNDLE_LOADER = "$(TEST_HOST)";
				CODE_SIGN_STYLE = Automatic;
				DEVELOPMENT_TEAM = 6CG326ELR9;
				INFOPLIST_FILE = UmbrellaTests/Info.plist;
				LD_RUNPATH_SEARCH_PATHS = (
					"$(inherited)",
					"@executable_path/Frameworks",
					"@loader_path/Frameworks",
				);
				PRODUCT_BUNDLE_IDENTIFIER = com.siriuscode.UmbrellaTests;
				PRODUCT_NAME = "$(TARGET_NAME)";
				SWIFT_VERSION = 4.0;
				TARGETED_DEVICE_FAMILY = "1,2";
				TEST_HOST = "$(BUILT_PRODUCTS_DIR)/Umbrella.app/Umbrella";
			};
			name = Debug;
		};
		A0B9D44F20AAE03900B2B796 /* Release */ = {
			isa = XCBuildConfiguration;
			baseConfigurationReference = 24297CB845AEF494BD4A0415 /* Pods-UmbrellaTests.release.xcconfig */;
			buildSettings = {
				ALWAYS_EMBED_SWIFT_STANDARD_LIBRARIES = "$(inherited)";
				BUNDLE_LOADER = "$(TEST_HOST)";
				CODE_SIGN_STYLE = Automatic;
				DEVELOPMENT_TEAM = 6CG326ELR9;
				INFOPLIST_FILE = UmbrellaTests/Info.plist;
				LD_RUNPATH_SEARCH_PATHS = (
					"$(inherited)",
					"@executable_path/Frameworks",
					"@loader_path/Frameworks",
				);
				PRODUCT_BUNDLE_IDENTIFIER = com.siriuscode.UmbrellaTests;
				PRODUCT_NAME = "$(TARGET_NAME)";
				SWIFT_VERSION = 4.0;
				TARGETED_DEVICE_FAMILY = "1,2";
				TEST_HOST = "$(BUILT_PRODUCTS_DIR)/Umbrella.app/Umbrella";
			};
			name = Release;
		};
		A0B9D45120AAE03900B2B796 /* Debug */ = {
			isa = XCBuildConfiguration;
			baseConfigurationReference = 4E0DEE1B3526F08322F4A48E /* Pods-UmbrellaUITests.debug.xcconfig */;
			buildSettings = {
				ALWAYS_EMBED_SWIFT_STANDARD_LIBRARIES = "$(inherited)";
				CODE_SIGN_STYLE = Automatic;
				DEVELOPMENT_TEAM = 6CG326ELR9;
				INFOPLIST_FILE = UmbrellaUITests/Info.plist;
				LD_RUNPATH_SEARCH_PATHS = (
					"$(inherited)",
					"@executable_path/Frameworks",
					"@loader_path/Frameworks",
				);
				PRODUCT_BUNDLE_IDENTIFIER = com.siriuscode.UmbrellaUITests;
				PRODUCT_NAME = "$(TARGET_NAME)";
				SWIFT_VERSION = 4.0;
				TARGETED_DEVICE_FAMILY = "1,2";
				TEST_TARGET_NAME = Umbrella;
			};
			name = Debug;
		};
		A0B9D45220AAE03900B2B796 /* Release */ = {
			isa = XCBuildConfiguration;
			baseConfigurationReference = A4ADF593BBEE416EA8DEFB5E /* Pods-UmbrellaUITests.release.xcconfig */;
			buildSettings = {
				ALWAYS_EMBED_SWIFT_STANDARD_LIBRARIES = "$(inherited)";
				CODE_SIGN_STYLE = Automatic;
				DEVELOPMENT_TEAM = 6CG326ELR9;
				INFOPLIST_FILE = UmbrellaUITests/Info.plist;
				LD_RUNPATH_SEARCH_PATHS = (
					"$(inherited)",
					"@executable_path/Frameworks",
					"@loader_path/Frameworks",
				);
				PRODUCT_BUNDLE_IDENTIFIER = com.siriuscode.UmbrellaUITests;
				PRODUCT_NAME = "$(TARGET_NAME)";
				SWIFT_VERSION = 4.0;
				TARGETED_DEVICE_FAMILY = "1,2";
				TEST_TARGET_NAME = Umbrella;
			};
			name = Release;
		};
		A0B9D46720ABA0B700B2B796 /* Adhoc */ = {
			isa = XCBuildConfiguration;
			buildSettings = {
				ALWAYS_SEARCH_USER_PATHS = NO;
				CLANG_ANALYZER_NONNULL = YES;
				CLANG_ANALYZER_NUMBER_OBJECT_CONVERSION = YES_AGGRESSIVE;
				CLANG_CXX_LANGUAGE_STANDARD = "gnu++14";
				CLANG_CXX_LIBRARY = "libc++";
				CLANG_ENABLE_MODULES = YES;
				CLANG_ENABLE_OBJC_ARC = YES;
				CLANG_ENABLE_OBJC_WEAK = YES;
				CLANG_WARN_BLOCK_CAPTURE_AUTORELEASING = YES;
				CLANG_WARN_BOOL_CONVERSION = YES;
				CLANG_WARN_COMMA = YES;
				CLANG_WARN_CONSTANT_CONVERSION = YES;
				CLANG_WARN_DEPRECATED_OBJC_IMPLEMENTATIONS = YES;
				CLANG_WARN_DIRECT_OBJC_ISA_USAGE = YES_ERROR;
				CLANG_WARN_DOCUMENTATION_COMMENTS = YES;
				CLANG_WARN_EMPTY_BODY = YES;
				CLANG_WARN_ENUM_CONVERSION = YES;
				CLANG_WARN_INFINITE_RECURSION = YES;
				CLANG_WARN_INT_CONVERSION = YES;
				CLANG_WARN_NON_LITERAL_NULL_CONVERSION = YES;
				CLANG_WARN_OBJC_IMPLICIT_RETAIN_SELF = YES;
				CLANG_WARN_OBJC_LITERAL_CONVERSION = YES;
				CLANG_WARN_OBJC_ROOT_CLASS = YES_ERROR;
				CLANG_WARN_RANGE_LOOP_ANALYSIS = YES;
				CLANG_WARN_STRICT_PROTOTYPES = YES;
				CLANG_WARN_SUSPICIOUS_MOVE = YES;
				CLANG_WARN_UNGUARDED_AVAILABILITY = YES_AGGRESSIVE;
				CLANG_WARN_UNREACHABLE_CODE = YES;
				CLANG_WARN__DUPLICATE_METHOD_MATCH = YES;
				CODE_SIGN_IDENTITY = "iPhone Developer";
				COPY_PHASE_STRIP = NO;
				DEBUG_INFORMATION_FORMAT = "dwarf-with-dsym";
				ENABLE_NS_ASSERTIONS = NO;
				ENABLE_STRICT_OBJC_MSGSEND = YES;
				GCC_C_LANGUAGE_STANDARD = gnu11;
				GCC_NO_COMMON_BLOCKS = YES;
				GCC_WARN_64_TO_32_BIT_CONVERSION = YES;
				GCC_WARN_ABOUT_RETURN_TYPE = YES_ERROR;
				GCC_WARN_UNDECLARED_SELECTOR = YES;
				GCC_WARN_UNINITIALIZED_AUTOS = YES_AGGRESSIVE;
				GCC_WARN_UNUSED_FUNCTION = YES;
				GCC_WARN_UNUSED_VARIABLE = YES;
				IPHONEOS_DEPLOYMENT_TARGET = 11.3;
				MTL_ENABLE_DEBUG_INFO = NO;
				SDKROOT = iphoneos;
				SWIFT_COMPILATION_MODE = wholemodule;
				SWIFT_OPTIMIZATION_LEVEL = "-O";
				VALIDATE_PRODUCT = YES;
			};
			name = Adhoc;
		};
		A0B9D46820ABA0B700B2B796 /* Adhoc */ = {
			isa = XCBuildConfiguration;
			baseConfigurationReference = 5BA1038E1B50B8AC755878C7 /* Pods-Umbrella.adhoc.xcconfig */;
			buildSettings = {
				ASSETCATALOG_COMPILER_APPICON_NAME = AppIcon;
				ASSETCATALOG_COMPILER_LAUNCHIMAGE_NAME = LaunchImage;
				CODE_SIGN_STYLE = Automatic;
				DEVELOPMENT_TEAM = 6CG326ELR9;
				FRAMEWORK_SEARCH_PATHS = (
					"$(inherited)",
					"$(PROJECT_DIR)",
				);
				INFOPLIST_FILE = "$(SRCROOT)/Umbrella/Resources/Info.plist";
				IPHONEOS_DEPLOYMENT_TARGET = 10.0;
				LD_RUNPATH_SEARCH_PATHS = (
					"$(inherited)",
					"@executable_path/Frameworks",
				);
				PRODUCT_BUNDLE_IDENTIFIER = org.secfirst.umbrella;
				PRODUCT_NAME = "$(TARGET_NAME)";
				SWIFT_VERSION = 4.0;
				TARGETED_DEVICE_FAMILY = "1,2";
			};
			name = Adhoc;
		};
		A0B9D46920ABA0B700B2B796 /* Adhoc */ = {
			isa = XCBuildConfiguration;
			baseConfigurationReference = 36EF15B7B1FD29338A95E3CE /* Pods-UmbrellaTests.adhoc.xcconfig */;
			buildSettings = {
				ALWAYS_EMBED_SWIFT_STANDARD_LIBRARIES = "$(inherited)";
				BUNDLE_LOADER = "$(TEST_HOST)";
				CODE_SIGN_STYLE = Automatic;
				DEVELOPMENT_TEAM = 6CG326ELR9;
				INFOPLIST_FILE = UmbrellaTests/Info.plist;
				LD_RUNPATH_SEARCH_PATHS = (
					"$(inherited)",
					"@executable_path/Frameworks",
					"@loader_path/Frameworks",
				);
				PRODUCT_BUNDLE_IDENTIFIER = com.siriuscode.UmbrellaTests;
				PRODUCT_NAME = "$(TARGET_NAME)";
				SWIFT_VERSION = 4.0;
				TARGETED_DEVICE_FAMILY = "1,2";
				TEST_HOST = "$(BUILT_PRODUCTS_DIR)/Umbrella.app/Umbrella";
			};
			name = Adhoc;
		};
		A0B9D46A20ABA0B700B2B796 /* Adhoc */ = {
			isa = XCBuildConfiguration;
			baseConfigurationReference = 04D925499B8AEB466D8718D6 /* Pods-UmbrellaUITests.adhoc.xcconfig */;
			buildSettings = {
				ALWAYS_EMBED_SWIFT_STANDARD_LIBRARIES = "$(inherited)";
				CODE_SIGN_STYLE = Automatic;
				DEVELOPMENT_TEAM = 6CG326ELR9;
				INFOPLIST_FILE = UmbrellaUITests/Info.plist;
				LD_RUNPATH_SEARCH_PATHS = (
					"$(inherited)",
					"@executable_path/Frameworks",
					"@loader_path/Frameworks",
				);
				PRODUCT_BUNDLE_IDENTIFIER = com.siriuscode.UmbrellaUITests;
				PRODUCT_NAME = "$(TARGET_NAME)";
				SWIFT_VERSION = 4.0;
				TARGETED_DEVICE_FAMILY = "1,2";
				TEST_TARGET_NAME = Umbrella;
			};
			name = Adhoc;
		};
		A0B9D46B20ABA0C200B2B796 /* Appstore */ = {
			isa = XCBuildConfiguration;
			buildSettings = {
				ALWAYS_SEARCH_USER_PATHS = NO;
				CLANG_ANALYZER_NONNULL = YES;
				CLANG_ANALYZER_NUMBER_OBJECT_CONVERSION = YES_AGGRESSIVE;
				CLANG_CXX_LANGUAGE_STANDARD = "gnu++14";
				CLANG_CXX_LIBRARY = "libc++";
				CLANG_ENABLE_MODULES = YES;
				CLANG_ENABLE_OBJC_ARC = YES;
				CLANG_ENABLE_OBJC_WEAK = YES;
				CLANG_WARN_BLOCK_CAPTURE_AUTORELEASING = YES;
				CLANG_WARN_BOOL_CONVERSION = YES;
				CLANG_WARN_COMMA = YES;
				CLANG_WARN_CONSTANT_CONVERSION = YES;
				CLANG_WARN_DEPRECATED_OBJC_IMPLEMENTATIONS = YES;
				CLANG_WARN_DIRECT_OBJC_ISA_USAGE = YES_ERROR;
				CLANG_WARN_DOCUMENTATION_COMMENTS = YES;
				CLANG_WARN_EMPTY_BODY = YES;
				CLANG_WARN_ENUM_CONVERSION = YES;
				CLANG_WARN_INFINITE_RECURSION = YES;
				CLANG_WARN_INT_CONVERSION = YES;
				CLANG_WARN_NON_LITERAL_NULL_CONVERSION = YES;
				CLANG_WARN_OBJC_IMPLICIT_RETAIN_SELF = YES;
				CLANG_WARN_OBJC_LITERAL_CONVERSION = YES;
				CLANG_WARN_OBJC_ROOT_CLASS = YES_ERROR;
				CLANG_WARN_RANGE_LOOP_ANALYSIS = YES;
				CLANG_WARN_STRICT_PROTOTYPES = YES;
				CLANG_WARN_SUSPICIOUS_MOVE = YES;
				CLANG_WARN_UNGUARDED_AVAILABILITY = YES_AGGRESSIVE;
				CLANG_WARN_UNREACHABLE_CODE = YES;
				CLANG_WARN__DUPLICATE_METHOD_MATCH = YES;
				CODE_SIGN_IDENTITY = "iPhone Developer";
				COPY_PHASE_STRIP = NO;
				DEBUG_INFORMATION_FORMAT = "dwarf-with-dsym";
				ENABLE_NS_ASSERTIONS = NO;
				ENABLE_STRICT_OBJC_MSGSEND = YES;
				GCC_C_LANGUAGE_STANDARD = gnu11;
				GCC_NO_COMMON_BLOCKS = YES;
				GCC_WARN_64_TO_32_BIT_CONVERSION = YES;
				GCC_WARN_ABOUT_RETURN_TYPE = YES_ERROR;
				GCC_WARN_UNDECLARED_SELECTOR = YES;
				GCC_WARN_UNINITIALIZED_AUTOS = YES_AGGRESSIVE;
				GCC_WARN_UNUSED_FUNCTION = YES;
				GCC_WARN_UNUSED_VARIABLE = YES;
				IPHONEOS_DEPLOYMENT_TARGET = 11.3;
				MTL_ENABLE_DEBUG_INFO = NO;
				SDKROOT = iphoneos;
				SWIFT_COMPILATION_MODE = wholemodule;
				SWIFT_OPTIMIZATION_LEVEL = "-O";
				VALIDATE_PRODUCT = YES;
			};
			name = Appstore;
		};
		A0B9D46C20ABA0C200B2B796 /* Appstore */ = {
			isa = XCBuildConfiguration;
			baseConfigurationReference = 0295A615E60C71FE1399AFF0 /* Pods-Umbrella.appstore.xcconfig */;
			buildSettings = {
				ASSETCATALOG_COMPILER_APPICON_NAME = AppIcon;
				ASSETCATALOG_COMPILER_LAUNCHIMAGE_NAME = LaunchImage;
				CODE_SIGN_STYLE = Automatic;
				DEVELOPMENT_TEAM = 6CG326ELR9;
				FRAMEWORK_SEARCH_PATHS = (
					"$(inherited)",
					"$(PROJECT_DIR)",
				);
				INFOPLIST_FILE = "$(SRCROOT)/Umbrella/Resources/Info.plist";
				IPHONEOS_DEPLOYMENT_TARGET = 10.0;
				LD_RUNPATH_SEARCH_PATHS = (
					"$(inherited)",
					"@executable_path/Frameworks",
				);
				PRODUCT_BUNDLE_IDENTIFIER = org.secfirst.umbrella;
				PRODUCT_NAME = "$(TARGET_NAME)";
				SWIFT_VERSION = 4.0;
				TARGETED_DEVICE_FAMILY = "1,2";
			};
			name = Appstore;
		};
		A0B9D46D20ABA0C200B2B796 /* Appstore */ = {
			isa = XCBuildConfiguration;
			baseConfigurationReference = BAA3F4584FA3E3C23C5613F5 /* Pods-UmbrellaTests.appstore.xcconfig */;
			buildSettings = {
				ALWAYS_EMBED_SWIFT_STANDARD_LIBRARIES = "$(inherited)";
				BUNDLE_LOADER = "$(TEST_HOST)";
				CODE_SIGN_STYLE = Automatic;
				DEVELOPMENT_TEAM = 6CG326ELR9;
				INFOPLIST_FILE = UmbrellaTests/Info.plist;
				LD_RUNPATH_SEARCH_PATHS = (
					"$(inherited)",
					"@executable_path/Frameworks",
					"@loader_path/Frameworks",
				);
				PRODUCT_BUNDLE_IDENTIFIER = com.siriuscode.UmbrellaTests;
				PRODUCT_NAME = "$(TARGET_NAME)";
				SWIFT_VERSION = 4.0;
				TARGETED_DEVICE_FAMILY = "1,2";
				TEST_HOST = "$(BUILT_PRODUCTS_DIR)/Umbrella.app/Umbrella";
			};
			name = Appstore;
		};
		A0B9D46E20ABA0C200B2B796 /* Appstore */ = {
			isa = XCBuildConfiguration;
			baseConfigurationReference = 5AF087A949C8033824447827 /* Pods-UmbrellaUITests.appstore.xcconfig */;
			buildSettings = {
				ALWAYS_EMBED_SWIFT_STANDARD_LIBRARIES = "$(inherited)";
				CODE_SIGN_STYLE = Automatic;
				DEVELOPMENT_TEAM = 6CG326ELR9;
				INFOPLIST_FILE = UmbrellaUITests/Info.plist;
				LD_RUNPATH_SEARCH_PATHS = (
					"$(inherited)",
					"@executable_path/Frameworks",
					"@loader_path/Frameworks",
				);
				PRODUCT_BUNDLE_IDENTIFIER = com.siriuscode.UmbrellaUITests;
				PRODUCT_NAME = "$(TARGET_NAME)";
				SWIFT_VERSION = 4.0;
				TARGETED_DEVICE_FAMILY = "1,2";
				TEST_TARGET_NAME = Umbrella;
			};
			name = Appstore;
		};
/* End XCBuildConfiguration section */

/* Begin XCConfigurationList section */
		A0B9D41D20AAE03600B2B796 /* Build configuration list for PBXProject "Umbrella" */ = {
			isa = XCConfigurationList;
			buildConfigurations = (
				A0B9D44820AAE03900B2B796 /* Debug */,
				A0B9D44920AAE03900B2B796 /* Release */,
				A0B9D46B20ABA0C200B2B796 /* Appstore */,
				A0B9D46720ABA0B700B2B796 /* Adhoc */,
			);
			defaultConfigurationIsVisible = 0;
			defaultConfigurationName = Release;
		};
		A0B9D44A20AAE03900B2B796 /* Build configuration list for PBXNativeTarget "Umbrella" */ = {
			isa = XCConfigurationList;
			buildConfigurations = (
				A0B9D44B20AAE03900B2B796 /* Debug */,
				A0B9D44C20AAE03900B2B796 /* Release */,
				A0B9D46C20ABA0C200B2B796 /* Appstore */,
				A0B9D46820ABA0B700B2B796 /* Adhoc */,
			);
			defaultConfigurationIsVisible = 0;
			defaultConfigurationName = Release;
		};
		A0B9D44D20AAE03900B2B796 /* Build configuration list for PBXNativeTarget "UmbrellaTests" */ = {
			isa = XCConfigurationList;
			buildConfigurations = (
				A0B9D44E20AAE03900B2B796 /* Debug */,
				A0B9D44F20AAE03900B2B796 /* Release */,
				A0B9D46D20ABA0C200B2B796 /* Appstore */,
				A0B9D46920ABA0B700B2B796 /* Adhoc */,
			);
			defaultConfigurationIsVisible = 0;
			defaultConfigurationName = Release;
		};
		A0B9D45020AAE03900B2B796 /* Build configuration list for PBXNativeTarget "UmbrellaUITests" */ = {
			isa = XCConfigurationList;
			buildConfigurations = (
				A0B9D45120AAE03900B2B796 /* Debug */,
				A0B9D45220AAE03900B2B796 /* Release */,
				A0B9D46E20ABA0C200B2B796 /* Appstore */,
				A0B9D46A20ABA0B700B2B796 /* Adhoc */,
			);
			defaultConfigurationIsVisible = 0;
			defaultConfigurationName = Release;
		};
/* End XCConfigurationList section */
	};
	rootObject = A0B9D41A20AAE03600B2B796 /* Project object */;
}
